
Microsoft Visual Studio Solution File, Format Version 12.00
# Visual Studio Version 17
VisualStudioVersion = 17.11.35312.102
MinimumVisualStudioVersion = 10.0.40219.1
Project("{2150E333-8FDC-42A3-9474-1A3956D46DE8}") = "src", "src", "{261796C6-8103-44AD-B4CD-F312B86EACEB}"
EndProject
Project("{2150E333-8FDC-42A3-9474-1A3956D46DE8}") = "tst", "tst", "{86083ABB-E434-48F4-B9DA-81B5EC5E4028}"
EndProject
Project("{9A19103F-16F7-4668-BE54-9A1E7A4F7556}") = "Pandemonium", "src\Pandemonium\Pandemonium.csproj", "{4051DA61-6391-41FF-BE21-BFB2DB088237}"
EndProject
Global
	GlobalSection(SolutionConfigurationPlatforms) = preSolution
		Debug|Any CPU = Debug|Any CPU
		Release|Any CPU = Release|Any CPU
	EndGlobalSection
	GlobalSection(ProjectConfigurationPlatforms) = postSolution
		{4051DA61-6391-41FF-BE21-BFB2DB088237}.Debug|Any CPU.ActiveCfg = Debug|Any CPU
		{4051DA61-6391-41FF-BE21-BFB2DB088237}.Debug|Any CPU.Build.0 = Debug|Any CPU
		{4051DA61-6391-41FF-BE21-BFB2DB088237}.Release|Any CPU.ActiveCfg = Release|Any CPU
		{4051DA61-6391-41FF-BE21-BFB2DB088237}.Release|Any CPU.Build.0 = Release|Any CPU
	EndGlobalSection
	GlobalSection(SolutionProperties) = preSolution
		HideSolutionNode = FALSE
	EndGlobalSection
	GlobalSection(NestedProjects) = preSolution
		{4051DA61-6391-41FF-BE21-BFB2DB088237} = {261796C6-8103-44AD-B4CD-F312B86EACEB}
	EndGlobalSection
	GlobalSection(ExtensibilityGlobals) = postSolution
		SolutionGuid = {B699E596-126B-4096-96F2-5C2B87D5F79F}
	EndGlobalSection
EndGlobal
